// !$*UTF8*$!
{
	archiveVersion = 1;
	classes = {
	};
	objectVersion = 50;
	objects = {

/* Begin PBXBuildFile section */
		93815B982655B97A00E9BEF3 /* BDD_WeatherApp.swift in Sources */ = {isa = PBXBuildFile; fileRef = 93815B972655B97A00E9BEF3 /* BDD_WeatherApp.swift */; };
		93815B9A2655B97A00E9BEF3 /* ContentView.swift in Sources */ = {isa = PBXBuildFile; fileRef = 93815B992655B97A00E9BEF3 /* ContentView.swift */; };
		93815B9C2655B97D00E9BEF3 /* Assets.xcassets in Resources */ = {isa = PBXBuildFile; fileRef = 93815B9B2655B97D00E9BEF3 /* Assets.xcassets */; };
		93815B9F2655B97D00E9BEF3 /* Preview Assets.xcassets in Resources */ = {isa = PBXBuildFile; fileRef = 93815B9E2655B97D00E9BEF3 /* Preview Assets.xcassets */; };
		93815BAA2655B97E00E9BEF3 /* BDD_WeatherTests.swift in Sources */ = {isa = PBXBuildFile; fileRef = 93815BA92655B97E00E9BEF3 /* BDD_WeatherTests.swift */; };
		93815BB52655B97E00E9BEF3 /* BDD_WeatherUITests.swift in Sources */ = {isa = PBXBuildFile; fileRef = 93815BB42655B97E00E9BEF3 /* BDD_WeatherUITests.swift */; };
/* End PBXBuildFile section */

/* Begin PBXContainerItemProxy section */
		93815BA62655B97E00E9BEF3 /* PBXContainerItemProxy */ = {
			isa = PBXContainerItemProxy;
			containerPortal = 93815B8C2655B97A00E9BEF3 /* Project object */;
			proxyType = 1;
			remoteGlobalIDString = 93815B932655B97A00E9BEF3;
			remoteInfo = "BDD-Weather";
		};
		93815BB12655B97E00E9BEF3 /* PBXContainerItemProxy */ = {
			isa = PBXContainerItemProxy;
			containerPortal = 93815B8C2655B97A00E9BEF3 /* Project object */;
			proxyType = 1;
			remoteGlobalIDString = 93815B932655B97A00E9BEF3;
			remoteInfo = "BDD-Weather";
		};
/* End PBXContainerItemProxy section */

/* Begin PBXFileReference section */
		93815B942655B97A00E9BEF3 /* BDD-Weather.app */ = {isa = PBXFileReference; explicitFileType = wrapper.application; includeInIndex = 0; path = "BDD-Weather.app"; sourceTree = BUILT_PRODUCTS_DIR; };
		93815B972655B97A00E9BEF3 /* BDD_WeatherApp.swift */ = {isa = PBXFileReference; lastKnownFileType = sourcecode.swift; path = BDD_WeatherApp.swift; sourceTree = "<group>"; };
		93815B992655B97A00E9BEF3 /* ContentView.swift */ = {isa = PBXFileReference; lastKnownFileType = sourcecode.swift; path = ContentView.swift; sourceTree = "<group>"; };
		93815B9B2655B97D00E9BEF3 /* Assets.xcassets */ = {isa = PBXFileReference; lastKnownFileType = folder.assetcatalog; path = Assets.xcassets; sourceTree = "<group>"; };
		93815B9E2655B97D00E9BEF3 /* Preview Assets.xcassets */ = {isa = PBXFileReference; lastKnownFileType = folder.assetcatalog; path = "Preview Assets.xcassets"; sourceTree = "<group>"; };
		93815BA02655B97D00E9BEF3 /* Info.plist */ = {isa = PBXFileReference; lastKnownFileType = text.plist.xml; path = Info.plist; sourceTree = "<group>"; };
		93815BA52655B97E00E9BEF3 /* BDD-WeatherTests.xctest */ = {isa = PBXFileReference; explicitFileType = wrapper.cfbundle; includeInIndex = 0; path = "BDD-WeatherTests.xctest"; sourceTree = BUILT_PRODUCTS_DIR; };
		93815BA92655B97E00E9BEF3 /* BDD_WeatherTests.swift */ = {isa = PBXFileReference; lastKnownFileType = sourcecode.swift; path = BDD_WeatherTests.swift; sourceTree = "<group>"; };
		93815BAB2655B97E00E9BEF3 /* Info.plist */ = {isa = PBXFileReference; lastKnownFileType = text.plist.xml; path = Info.plist; sourceTree = "<group>"; };
		93815BB02655B97E00E9BEF3 /* BDD-WeatherUITests.xctest */ = {isa = PBXFileReference; explicitFileType = wrapper.cfbundle; includeInIndex = 0; path = "BDD-WeatherUITests.xctest"; sourceTree = BUILT_PRODUCTS_DIR; };
		93815BB42655B97E00E9BEF3 /* BDD_WeatherUITests.swift */ = {isa = PBXFileReference; lastKnownFileType = sourcecode.swift; path = BDD_WeatherUITests.swift; sourceTree = "<group>"; };
		93815BB62655B97E00E9BEF3 /* Info.plist */ = {isa = PBXFileReference; lastKnownFileType = text.plist.xml; path = Info.plist; sourceTree = "<group>"; };
/* End PBXFileReference section */

/* Begin PBXFrameworksBuildPhase section */
		93815B912655B97A00E9BEF3 /* Frameworks */ = {
			isa = PBXFrameworksBuildPhase;
			buildActionMask = 2147483647;
			files = (
			);
			runOnlyForDeploymentPostprocessing = 0;
		};
		93815BA22655B97E00E9BEF3 /* Frameworks */ = {
			isa = PBXFrameworksBuildPhase;
			buildActionMask = 2147483647;
			files = (
			);
			runOnlyForDeploymentPostprocessing = 0;
		};
		93815BAD2655B97E00E9BEF3 /* Frameworks */ = {
			isa = PBXFrameworksBuildPhase;
			buildActionMask = 2147483647;
			files = (
			);
			runOnlyForDeploymentPostprocessing = 0;
		};
/* End PBXFrameworksBuildPhase section */

/* Begin PBXGroup section */
		93815B8B2655B97A00E9BEF3 = {
			isa = PBXGroup;
			children = (
				93815B962655B97A00E9BEF3 /* BDD-Weather */,
				93815BA82655B97E00E9BEF3 /* BDD-WeatherTests */,
				93815BB32655B97E00E9BEF3 /* BDD-WeatherUITests */,
				93815B952655B97A00E9BEF3 /* Products */,
			);
			sourceTree = "<group>";
		};
		93815B952655B97A00E9BEF3 /* Products */ = {
			isa = PBXGroup;
			children = (
				93815B942655B97A00E9BEF3 /* BDD-Weather.app */,
				93815BA52655B97E00E9BEF3 /* BDD-WeatherTests.xctest */,
				93815BB02655B97E00E9BEF3 /* BDD-WeatherUITests.xctest */,
			);
			name = Products;
			sourceTree = "<group>";
		};
		93815B962655B97A00E9BEF3 /* BDD-Weather */ = {
			isa = PBXGroup;
			children = (
				93815B972655B97A00E9BEF3 /* BDD_WeatherApp.swift */,
				93815B992655B97A00E9BEF3 /* ContentView.swift */,
				93815B9B2655B97D00E9BEF3 /* Assets.xcassets */,
				93815BA02655B97D00E9BEF3 /* Info.plist */,
				93815B9D2655B97D00E9BEF3 /* Preview Content */,
			);
			path = "BDD-Weather";
			sourceTree = "<group>";
		};
		93815B9D2655B97D00E9BEF3 /* Preview Content */ = {
			isa = PBXGroup;
			children = (
				93815B9E2655B97D00E9BEF3 /* Preview Assets.xcassets */,
			);
			path = "Preview Content";
			sourceTree = "<group>";
		};
		93815BA82655B97E00E9BEF3 /* BDD-WeatherTests */ = {
			isa = PBXGroup;
			children = (
				93815BA92655B97E00E9BEF3 /* BDD_WeatherTests.swift */,
				93815BAB2655B97E00E9BEF3 /* Info.plist */,
			);
			path = "BDD-WeatherTests";
			sourceTree = "<group>";
		};
		93815BB32655B97E00E9BEF3 /* BDD-WeatherUITests */ = {
			isa = PBXGroup;
			children = (
				93815BB42655B97E00E9BEF3 /* BDD_WeatherUITests.swift */,
				93815BB62655B97E00E9BEF3 /* Info.plist */,
			);
			path = "BDD-WeatherUITests";
			sourceTree = "<group>";
		};
/* End PBXGroup section */

/* Begin PBXNativeTarget section */
		93815B932655B97A00E9BEF3 /* BDD-Weather */ = {
			isa = PBXNativeTarget;
			buildConfigurationList = 93815BB92655B97E00E9BEF3 /* Build configuration list for PBXNativeTarget "BDD-Weather" */;
			buildPhases = (
				93815B902655B97A00E9BEF3 /* Sources */,
				93815B912655B97A00E9BEF3 /* Frameworks */,
				93815B922655B97A00E9BEF3 /* Resources */,
			);
			buildRules = (
			);
			dependencies = (
			);
			name = "BDD-Weather";
			productName = "BDD-Weather";
			productReference = 93815B942655B97A00E9BEF3 /* BDD-Weather.app */;
			productType = "com.apple.product-type.application";
		};
		93815BA42655B97E00E9BEF3 /* BDD-WeatherTests */ = {
			isa = PBXNativeTarget;
			buildConfigurationList = 93815BBC2655B97E00E9BEF3 /* Build configuration list for PBXNativeTarget "BDD-WeatherTests" */;
			buildPhases = (
				93815BA12655B97E00E9BEF3 /* Sources */,
				93815BA22655B97E00E9BEF3 /* Frameworks */,
				93815BA32655B97E00E9BEF3 /* Resources */,
			);
			buildRules = (
			);
			dependencies = (
				93815BA72655B97E00E9BEF3 /* PBXTargetDependency */,
			);
			name = "BDD-WeatherTests";
			productName = "BDD-WeatherTests";
			productReference = 93815BA52655B97E00E9BEF3 /* BDD-WeatherTests.xctest */;
			productType = "com.apple.product-type.bundle.unit-test";
		};
		93815BAF2655B97E00E9BEF3 /* BDD-WeatherUITests */ = {
			isa = PBXNativeTarget;
			buildConfigurationList = 93815BBF2655B97E00E9BEF3 /* Build configuration list for PBXNativeTarget "BDD-WeatherUITests" */;
			buildPhases = (
				93815BAC2655B97E00E9BEF3 /* Sources */,
				93815BAD2655B97E00E9BEF3 /* Frameworks */,
				93815BAE2655B97E00E9BEF3 /* Resources */,
			);
			buildRules = (
			);
			dependencies = (
				93815BB22655B97E00E9BEF3 /* PBXTargetDependency */,
			);
			name = "BDD-WeatherUITests";
			productName = "BDD-WeatherUITests";
			productReference = 93815BB02655B97E00E9BEF3 /* BDD-WeatherUITests.xctest */;
			productType = "com.apple.product-type.bundle.ui-testing";
		};
/* End PBXNativeTarget section */

/* Begin PBXProject section */
		93815B8C2655B97A00E9BEF3 /* Project object */ = {
			isa = PBXProject;
			attributes = {
				LastSwiftUpdateCheck = 1240;
				LastUpgradeCheck = 1240;
				TargetAttributes = {
					93815B932655B97A00E9BEF3 = {
						CreatedOnToolsVersion = 12.4;
					};
					93815BA42655B97E00E9BEF3 = {
						CreatedOnToolsVersion = 12.4;
						TestTargetID = 93815B932655B97A00E9BEF3;
					};
					93815BAF2655B97E00E9BEF3 = {
						CreatedOnToolsVersion = 12.4;
						TestTargetID = 93815B932655B97A00E9BEF3;
					};
				};
			};
			buildConfigurationList = 93815B8F2655B97A00E9BEF3 /* Build configuration list for PBXProject "BDD-Weather" */;
			compatibilityVersion = "Xcode 9.3";
			developmentRegion = en;
			hasScannedForEncodings = 0;
			knownRegions = (
				en,
				Base,
			);
			mainGroup = 93815B8B2655B97A00E9BEF3;
			productRefGroup = 93815B952655B97A00E9BEF3 /* Products */;
			projectDirPath = "";
			projectRoot = "";
			targets = (
				93815B932655B97A00E9BEF3 /* BDD-Weather */,
				93815BA42655B97E00E9BEF3 /* BDD-WeatherTests */,
				93815BAF2655B97E00E9BEF3 /* BDD-WeatherUITests */,
			);
		};
/* End PBXProject section */

/* Begin PBXResourcesBuildPhase section */
		93815B922655B97A00E9BEF3 /* Resources */ = {
			isa = PBXResourcesBuildPhase;
			buildActionMask = 2147483647;
			files = (
				93815B9F2655B97D00E9BEF3 /* Preview Assets.xcassets in Resources */,
				93815B9C2655B97D00E9BEF3 /* Assets.xcassets in Resources */,
			);
			runOnlyForDeploymentPostprocessing = 0;
		};
		93815BA32655B97E00E9BEF3 /* Resources */ = {
			isa = PBXResourcesBuildPhase;
			buildActionMask = 2147483647;
			files = (
			);
			runOnlyForDeploymentPostprocessing = 0;
		};
		93815BAE2655B97E00E9BEF3 /* Resources */ = {
			isa = PBXResourcesBuildPhase;
			buildActionMask = 2147483647;
			files = (
			);
			runOnlyForDeploymentPostprocessing = 0;
		};
/* End PBXResourcesBuildPhase section */

/* Begin PBXSourcesBuildPhase section */
		93815B902655B97A00E9BEF3 /* Sources */ = {
			isa = PBXSourcesBuildPhase;
			buildActionMask = 2147483647;
			files = (
				93815B9A2655B97A00E9BEF3 /* ContentView.swift in Sources */,
				93815B982655B97A00E9BEF3 /* BDD_WeatherApp.swift in Sources */,
			);
			runOnlyForDeploymentPostprocessing = 0;
		};
		93815BA12655B97E00E9BEF3 /* Sources */ = {
			isa = PBXSourcesBuildPhase;
			buildActionMask = 2147483647;
			files = (
				93815BAA2655B97E00E9BEF3 /* BDD_WeatherTests.swift in Sources */,
			);
			runOnlyForDeploymentPostprocessing = 0;
		};
		93815BAC2655B97E00E9BEF3 /* Sources */ = {
			isa = PBXSourcesBuildPhase;
			buildActionMask = 2147483647;
			files = (
				93815BB52655B97E00E9BEF3 /* BDD_WeatherUITests.swift in Sources */,
			);
			runOnlyForDeploymentPostprocessing = 0;
		};
/* End PBXSourcesBuildPhase section */

/* Begin PBXTargetDependency section */
		93815BA72655B97E00E9BEF3 /* PBXTargetDependency */ = {
			isa = PBXTargetDependency;
			target = 93815B932655B97A00E9BEF3 /* BDD-Weather */;
			targetProxy = 93815BA62655B97E00E9BEF3 /* PBXContainerItemProxy */;
		};
		93815BB22655B97E00E9BEF3 /* PBXTargetDependency */ = {
			isa = PBXTargetDependency;
			target = 93815B932655B97A00E9BEF3 /* BDD-Weather */;
			targetProxy = 93815BB12655B97E00E9BEF3 /* PBXContainerItemProxy */;
		};
/* End PBXTargetDependency section */

/* Begin XCBuildConfiguration section */
		93815BB72655B97E00E9BEF3 /* Debug */ = {
			isa = XCBuildConfiguration;
			buildSettings = {
				ALWAYS_SEARCH_USER_PATHS = NO;
				CLANG_ANALYZER_NONNULL = YES;
				CLANG_ANALYZER_NUMBER_OBJECT_CONVERSION = YES_AGGRESSIVE;
				CLANG_CXX_LANGUAGE_STANDARD = "gnu++14";
				CLANG_CXX_LIBRARY = "libc++";
				CLANG_ENABLE_MODULES = YES;
				CLANG_ENABLE_OBJC_ARC = YES;
				CLANG_ENABLE_OBJC_WEAK = YES;
				CLANG_WARN_BLOCK_CAPTURE_AUTORELEASING = YES;
				CLANG_WARN_BOOL_CONVERSION = YES;
				CLANG_WARN_COMMA = YES;
				CLANG_WARN_CONSTANT_CONVERSION = YES;
				CLANG_WARN_DEPRECATED_OBJC_IMPLEMENTATIONS = YES;
				CLANG_WARN_DIRECT_OBJC_ISA_USAGE = YES_ERROR;
				CLANG_WARN_DOCUMENTATION_COMMENTS = YES;
				CLANG_WARN_EMPTY_BODY = YES;
				CLANG_WARN_ENUM_CONVERSION = YES;
				CLANG_WARN_INFINITE_RECURSION = YES;
				CLANG_WARN_INT_CONVERSION = YES;
				CLANG_WARN_NON_LITERAL_NULL_CONVERSION = YES;
				CLANG_WARN_OBJC_IMPLICIT_RETAIN_SELF = YES;
				CLANG_WARN_OBJC_LITERAL_CONVERSION = YES;
				CLANG_WARN_OBJC_ROOT_CLASS = YES_ERROR;
				CLANG_WARN_QUOTED_INCLUDE_IN_FRAMEWORK_HEADER = YES;
				CLANG_WARN_RANGE_LOOP_ANALYSIS = YES;
				CLANG_WARN_STRICT_PROTOTYPES = YES;
				CLANG_WARN_SUSPICIOUS_MOVE = YES;
				CLANG_WARN_UNGUARDED_AVAILABILITY = YES_AGGRESSIVE;
				CLANG_WARN_UNREACHABLE_CODE = YES;
				CLANG_WARN__DUPLICATE_METHOD_MATCH = YES;
				COPY_PHASE_STRIP = NO;
				DEBUG_INFORMATION_FORMAT = dwarf;
				ENABLE_STRICT_OBJC_MSGSEND = YES;
				ENABLE_TESTABILITY = YES;
				GCC_C_LANGUAGE_STANDARD = gnu11;
				GCC_DYNAMIC_NO_PIC = NO;
				GCC_NO_COMMON_BLOCKS = YES;
				GCC_OPTIMIZATION_LEVEL = 0;
				GCC_PREPROCESSOR_DEFINITIONS = (
					"DEBUG=1",
					"$(inherited)",
				);
				GCC_WARN_64_TO_32_BIT_CONVERSION = YES;
				GCC_WARN_ABOUT_RETURN_TYPE = YES_ERROR;
				GCC_WARN_UNDECLARED_SELECTOR = YES;
				GCC_WARN_UNINITIALIZED_AUTOS = YES_AGGRESSIVE;
				GCC_WARN_UNUSED_FUNCTION = YES;
				GCC_WARN_UNUSED_VARIABLE = YES;
				IPHONEOS_DEPLOYMENT_TARGET = 14.4;
				MTL_ENABLE_DEBUG_INFO = INCLUDE_SOURCE;
				MTL_FAST_MATH = YES;
				ONLY_ACTIVE_ARCH = YES;
				SDKROOT = iphoneos;
				SWIFT_ACTIVE_COMPILATION_CONDITIONS = DEBUG;
				SWIFT_OPTIMIZATION_LEVEL = "-Onone";
			};
			name = Debug;
		};
		93815BB82655B97E00E9BEF3 /* Release */ = {
			isa = XCBuildConfiguration;
			buildSettings = {
				ALWAYS_SEARCH_USER_PATHS = NO;
				CLANG_ANALYZER_NONNULL = YES;
				CLANG_ANALYZER_NUMBER_OBJECT_CONVERSION = YES_AGGRESSIVE;
				CLANG_CXX_LANGUAGE_STANDARD = "gnu++14";
				CLANG_CXX_LIBRARY = "libc++";
				CLANG_ENABLE_MODULES = YES;
				CLANG_ENABLE_OBJC_ARC = YES;
				CLANG_ENABLE_OBJC_WEAK = YES;
				CLANG_WARN_BLOCK_CAPTURE_AUTORELEASING = YES;
				CLANG_WARN_BOOL_CONVERSION = YES;
				CLANG_WARN_COMMA = YES;
				CLANG_WARN_CONSTANT_CONVERSION = YES;
				CLANG_WARN_DEPRECATED_OBJC_IMPLEMENTATIONS = YES;
				CLANG_WARN_DIRECT_OBJC_ISA_USAGE = YES_ERROR;
				CLANG_WARN_DOCUMENTATION_COMMENTS = YES;
				CLANG_WARN_EMPTY_BODY = YES;
				CLANG_WARN_ENUM_CONVERSION = YES;
				CLANG_WARN_INFINITE_RECURSION = YES;
				CLANG_WARN_INT_CONVERSION = YES;
				CLANG_WARN_NON_LITERAL_NULL_CONVERSION = YES;
				CLANG_WARN_OBJC_IMPLICIT_RETAIN_SELF = YES;
				CLANG_WARN_OBJC_LITERAL_CONVERSION = YES;
				CLANG_WARN_OBJC_ROOT_CLASS = YES_ERROR;
				CLANG_WARN_QUOTED_INCLUDE_IN_FRAMEWORK_HEADER = YES;
				CLANG_WARN_RANGE_LOOP_ANALYSIS = YES;
				CLANG_WARN_STRICT_PROTOTYPES = YES;
				CLANG_WARN_SUSPICIOUS_MOVE = YES;
				CLANG_WARN_UNGUARDED_AVAILABILITY = YES_AGGRESSIVE;
				CLANG_WARN_UNREACHABLE_CODE = YES;
				CLANG_WARN__DUPLICATE_METHOD_MATCH = YES;
				COPY_PHASE_STRIP = NO;
				DEBUG_INFORMATION_FORMAT = "dwarf-with-dsym";
				ENABLE_NS_ASSERTIONS = NO;
				ENABLE_STRICT_OBJC_MSGSEND = YES;
				GCC_C_LANGUAGE_STANDARD = gnu11;
				GCC_NO_COMMON_BLOCKS = YES;
				GCC_WARN_64_TO_32_BIT_CONVERSION = YES;
				GCC_WARN_ABOUT_RETURN_TYPE = YES_ERROR;
				GCC_WARN_UNDECLARED_SELECTOR = YES;
				GCC_WARN_UNINITIALIZED_AUTOS = YES_AGGRESSIVE;
				GCC_WARN_UNUSED_FUNCTION = YES;
				GCC_WARN_UNUSED_VARIABLE = YES;
				IPHONEOS_DEPLOYMENT_TARGET = 14.4;
				MTL_ENABLE_DEBUG_INFO = NO;
				MTL_FAST_MATH = YES;
				SDKROOT = iphoneos;
				SWIFT_COMPILATION_MODE = wholemodule;
				SWIFT_OPTIMIZATION_LEVEL = "-O";
				VALIDATE_PRODUCT = YES;
			};
			name = Release;
		};
		93815BBA2655B97E00E9BEF3 /* Debug */ = {
			isa = XCBuildConfiguration;
			buildSettings = {
				ASSETCATALOG_COMPILER_APPICON_NAME = AppIcon;
				ASSETCATALOG_COMPILER_GLOBAL_ACCENT_COLOR_NAME = AccentColor;
				CODE_SIGN_STYLE = Automatic;
				DEVELOPMENT_ASSET_PATHS = "\"BDD-Weather/Preview Content\"";
				DEVELOPMENT_TEAM = UW22KRKA6S;
				ENABLE_PREVIEWS = YES;
				INFOPLIST_FILE = "BDD-Weather/Info.plist";
				IPHONEOS_DEPLOYMENT_TARGET = 14.0;
				LD_RUNPATH_SEARCH_PATHS = (
					"$(inherited)",
					"@executable_path/Frameworks",
				);
				PRODUCT_BUNDLE_IDENTIFIER = "com.gustavotiecker.BDD-Weather";
				PRODUCT_NAME = "$(TARGET_NAME)";
				SWIFT_VERSION = 5.0;
				TARGETED_DEVICE_FAMILY = "1,2";
			};
			name = Debug;
		};
		93815BBB2655B97E00E9BEF3 /* Release */ = {
			isa = XCBuildConfiguration;
			buildSettings = {
				ASSETCATALOG_COMPILER_APPICON_NAME = AppIcon;
				ASSETCATALOG_COMPILER_GLOBAL_ACCENT_COLOR_NAME = AccentColor;
				CODE_SIGN_STYLE = Automatic;
				DEVELOPMENT_ASSET_PATHS = "\"BDD-Weather/Preview Content\"";
				DEVELOPMENT_TEAM = UW22KRKA6S;
				ENABLE_PREVIEWS = YES;
				INFOPLIST_FILE = "BDD-Weather/Info.plist";
				IPHONEOS_DEPLOYMENT_TARGET = 14.0;
				LD_RUNPATH_SEARCH_PATHS = (
					"$(inherited)",
					"@executable_path/Frameworks",
				);
				PRODUCT_BUNDLE_IDENTIFIER = "com.gustavotiecker.BDD-Weather";
				PRODUCT_NAME = "$(TARGET_NAME)";
				SWIFT_VERSION = 5.0;
				TARGETED_DEVICE_FAMILY = "1,2";
			};
			name = Release;
		};
		93815BBD2655B97E00E9BEF3 /* Debug */ = {
			isa = XCBuildConfiguration;
			buildSettings = {
				ALWAYS_EMBED_SWIFT_STANDARD_LIBRARIES = YES;
				BUNDLE_LOADER = "$(TEST_HOST)";
				CODE_SIGN_STYLE = Automatic;
				DEVELOPMENT_TEAM = UW22KRKA6S;
				INFOPLIST_FILE = "BDD-WeatherTests/Info.plist";
				IPHONEOS_DEPLOYMENT_TARGET = 14.0;
				LD_RUNPATH_SEARCH_PATHS = (
					"$(inherited)",
					"@executable_path/Frameworks",
					"@loader_path/Frameworks",
				);
				PRODUCT_BUNDLE_IDENTIFIER = "com.gustavotiecker.BDD-WeatherTests";
				PRODUCT_NAME = "$(TARGET_NAME)";
				SWIFT_VERSION = 5.0;
				TARGETED_DEVICE_FAMILY = "1,2";
				TEST_HOST = "$(BUILT_PRODUCTS_DIR)/BDD-Weather.app/BDD-Weather";
			};
			name = Debug;
		};
		93815BBE2655B97E00E9BEF3 /* Release */ = {
			isa = XCBuildConfiguration;
			buildSettings = {
				ALWAYS_EMBED_SWIFT_STANDARD_LIBRARIES = YES;
				BUNDLE_LOADER = "$(TEST_HOST)";
				CODE_SIGN_STYLE = Automatic;
				DEVELOPMENT_TEAM = UW22KRKA6S;
				INFOPLIST_FILE = "BDD-WeatherTests/Info.plist";
				IPHONEOS_DEPLOYMENT_TARGET = 14.0;
				LD_RUNPATH_SEARCH_PATHS = (
					"$(inherited)",
					"@executable_path/Frameworks",
					"@loader_path/Frameworks",
				);
				PRODUCT_BUNDLE_IDENTIFIER = "com.gustavotiecker.BDD-WeatherTests";
				PRODUCT_NAME = "$(TARGET_NAME)";
				SWIFT_VERSION = 5.0;
				TARGETED_DEVICE_FAMILY = "1,2";
				TEST_HOST = "$(BUILT_PRODUCTS_DIR)/BDD-Weather.app/BDD-Weather";
			};
			name = Release;
		};
		93815BC02655B97E00E9BEF3 /* Debug */ = {
			isa = XCBuildConfiguration;
			buildSettings = {
				ALWAYS_EMBED_SWIFT_STANDARD_LIBRARIES = YES;
				CODE_SIGN_STYLE = Automatic;
				DEVELOPMENT_TEAM = UW22KRKA6S;
				INFOPLIST_FILE = "BDD-WeatherUITests/Info.plist";
				LD_RUNPATH_SEARCH_PATHS = (
					"$(inherited)",
					"@executable_path/Frameworks",
					"@loader_path/Frameworks",
				);
				PRODUCT_BUNDLE_IDENTIFIER = "com.gustavotiecker.BDD-WeatherUITests";
				PRODUCT_NAME = "$(TARGET_NAME)";
				SWIFT_VERSION = 5.0;
				TARGETED_DEVICE_FAMILY = "1,2";
				TEST_TARGET_NAME = "BDD-Weather";
			};
			name = Debug;
		};
		93815BC12655B97E00E9BEF3 /* Release */ = {
			isa = XCBuildConfiguration;
			buildSettings = {
				ALWAYS_EMBED_SWIFT_STANDARD_LIBRARIES = YES;
				CODE_SIGN_STYLE = Automatic;
				DEVELOPMENT_TEAM = UW22KRKA6S;
				INFOPLIST_FILE = "BDD-WeatherUITests/Info.plist";
				LD_RUNPATH_SEARCH_PATHS = (
					"$(inherited)",
					"@executable_path/Frameworks",
					"@loader_path/Frameworks",
				);
				PRODUCT_BUNDLE_IDENTIFIER = "com.gustavotiecker.BDD-WeatherUITests";
				PRODUCT_NAME = "$(TARGET_NAME)";
				SWIFT_VERSION = 5.0;
				TARGETED_DEVICE_FAMILY = "1,2";
				TEST_TARGET_NAME = "BDD-Weather";
			};
			name = Release;
		};
/* End XCBuildConfiguration section */

/* Begin XCConfigurationList section */
		93815B8F2655B97A00E9BEF3 /* Build configuration list for PBXProject "BDD-Weather" */ = {
			isa = XCConfigurationList;
			buildConfigurations = (
				93815BB72655B97E00E9BEF3 /* Debug */,
				93815BB82655B97E00E9BEF3 /* Release */,
			);
			defaultConfigurationIsVisible = 0;
			defaultConfigurationName = Release;
		};
		93815BB92655B97E00E9BEF3 /* Build configuration list for PBXNativeTarget "BDD-Weather" */ = {
			isa = XCConfigurationList;
			buildConfigurations = (
				93815BBA2655B97E00E9BEF3 /* Debug */,
				93815BBB2655B97E00E9BEF3 /* Release */,
			);
			defaultConfigurationIsVisible = 0;
			defaultConfigurationName = Release;
		};
		93815BBC2655B97E00E9BEF3 /* Build configuration list for PBXNativeTarget "BDD-WeatherTests" */ = {
			isa = XCConfigurationList;
			buildConfigurations = (
				93815BBD2655B97E00E9BEF3 /* Debug */,
				93815BBE2655B97E00E9BEF3 /* Release */,
			);
			defaultConfigurationIsVisible = 0;
			defaultConfigurationName = Release;
		};
		93815BBF2655B97E00E9BEF3 /* Build configuration list for PBXNativeTarget "BDD-WeatherUITests" */ = {
			isa = XCConfigurationList;
			buildConfigurations = (
				93815BC02655B97E00E9BEF3 /* Debug */,
				93815BC12655B97E00E9BEF3 /* Release */,
			);
			defaultConfigurationIsVisible = 0;
			defaultConfigurationName = Release;
		};
/* End XCConfigurationList section */
	};
	rootObject = 93815B8C2655B97A00E9BEF3 /* Project object */;
}
